{
  "concurrency": {
    "cancel-in-progress": true,
    "group": "update-flake-lock"
  },
  "jobs": {
    "update-flake-lock": {
      "runs-on": "nix",
      "steps": [
        {
          "env": {
            "FORGE_TOKEN": "${{ secrets.FORGE_TOKEN }}"
          },
          "id": "update-gate",
          "name": "Discover update pull request",
          "run": "set -euo pipefail\n\ntmpdir=\"$(mktemp -d)\"\ntrap 'rm -rf \"$tmpdir\"' EXIT\npulls=\"$tmpdir/pulls.json\"\ncurl_config=\"$tmpdir/curl.config\"\nprintf 'header = \"Authorization: token %s\"\\n' \"$FORGE_TOKEN\" > \"$curl_config\"\nchmod 600 \"$curl_config\"\npr_index=\"\"\ngate_failed=false\ncode=transport-error\n\n# Filter locally: Forgejo's list endpoint does not reliably\n# support a head= query across versions.\nif code=\"$(curl --config \"$curl_config\" -sS -o \"$pulls\" -w '%{http_code}' \\\n  \"https://git.finnrut.is/api/v1/repos/tunnel/infra/pulls?state=open&limit=50\")\" && [ \"$code\" = 200 ]; then\n  if ! jq -e 'type == \"array\"' \"$pulls\" > /dev/null; then\n    echo \"Open pull-request response was not a JSON array; failing open.\" >&2\n    gate_failed=true\n  elif ! pr_index=\"$(jq -r --arg branch \"update_flake_lock_action\" \\\n    '[.[] | select(.head.ref == $branch)] | first | .index // empty' \"$pulls\")\"; then\n    echo \"Could not parse the open pull-request list; failing open.\" >&2\n    pr_index=\"\"\n    gate_failed=true\n  fi\nelse\n  echo \"Pull-request discovery returned HTTP $code; failing open.\" >&2\n  gate_failed=true\nfi\n\nshould_run=true\nif [ \"${{ github.event_name }}\" = push ] && [ \"$gate_failed\" = false ] && [ -z \"$pr_index\" ]; then\n  should_run=false\nfi\n\n{\n  echo \"should-run=$should_run\"\n  echo \"pr-index=$pr_index\"\n} >> \"$GITHUB_OUTPUT\"\n"
        },
        {
          "if": "${{ steps.update-gate.outputs.should-run == 'true' }}",
          "uses": "https://data.forgejo.org/actions/checkout@v4",
          "with": {
            "submodules": true
          }
        },
        {
          "env": {
            "SSH_PRIVATE_KEY": "${{ secrets.SSH_PRIVATE_KEY }}"
          },
          "if": "${{ steps.update-gate.outputs.should-run == 'true' }}",
          "name": "Install SSH key",
          "run": "set -euo pipefail\n\ndir=\"$(mktemp -d)\"\nchmod 700 \"$dir\"\n# printf, not echo: the key must end in a newline or ssh rejects it as\n# malformed, and a secret that already ends in one is unharmed by the\n# extra blank line.\nprintf '%s\\n' \"$SSH_PRIVATE_KEY\" > \"$dir/id\"\nchmod 600 \"$dir/id\"\n\n# Same trust-on-first-use as the action this replaces.\nssh-keyscan github.com > \"$dir/known_hosts\" 2>/dev/null\n\necho \"GIT_SSH_COMMAND=ssh -i $dir/id -o IdentitiesOnly=yes -o UserKnownHostsFile=$dir/known_hosts\" >> \"$GITHUB_ENV\"\n"
        },
        {
          "if": "${{ steps.update-gate.outputs.should-run == 'true' }}",
          "name": "Authenticate private GitHub inputs",
          "run": "{\n  echo \"GIT_CONFIG_COUNT=1\"\n  echo \"GIT_CONFIG_KEY_0=url.https://x-access-token:${{ secrets.GH_TOKEN_FOR_UPDATES }}@github.com/.insteadOf\"\n  echo \"GIT_CONFIG_VALUE_0=https://github.com/\"\n} >> \"$GITHUB_ENV\"\n\n# Appended, not assigned: the runner unit already exports NIX_CONFIG\n# with max-jobs and cores, and a plain NIX_CONFIG= here would silently\n# drop those and let CI build at full width. Heredoc form because the\n# value is multi-line.\n{\n  echo \"NIX_CONFIG<<__NIX_CONFIG_EOF__\"\n  printf '%s\\n' \"${NIX_CONFIG:-}\"\n  echo \"access-tokens = github.com=${{ secrets.GH_TOKEN_FOR_UPDATES }}\"\n  echo \"__NIX_CONFIG_EOF__\"\n} >> \"$GITHUB_ENV\"\n"
        },
        {
          "if": "${{ steps.update-gate.outputs.should-run == 'true' }}",
          "name": "Update flake.lock",
          "run": "git fetch origin \"+refs/heads/main:refs/remotes/origin/main\"\ngit switch -C \"update_flake_lock_action\" \"origin/main\"\nbase_sha=\"$(git rev-parse \"origin/main\")\"\necho \"UPDATE_BASE_SHA=$base_sha\" >> \"$GITHUB_ENV\"\nnix --accept-flake-config flake update\n"
        },
        {
          "if": "${{ steps.update-gate.outputs.should-run == 'true' }}",
          "name": "Update Firefox addons",
          "run": "nix run 'git+https://git.sr.ht/~rycee/mozilla-addons-to-nix' \\\n  --option allow-import-from-derivation true \\\n  -- pkgs/firefox-addons/addons.json pkgs/firefox-addons/generated.nix\n"
        },
        {
          "env": {
            "FORGE_TOKEN": "${{ secrets.FORGE_TOKEN }}",
            "FORGE_USER": "tunnel",
            "PR_INDEX": "${{ steps.update-gate.outputs.pr-index }}"
          },
          "if": "${{ steps.update-gate.outputs.should-run == 'true' }}",
          "name": "Open pull request",
          "run": "set -euo pipefail\n\npaths=\"flake.lock pkgs/firefox-addons/generated.nix\"\n\nif git diff --quiet -- $paths; then\n  changed=false\nelse\n  changed=true\n  git config user.name  \"Finn Rutis\"\n  git config user.email \"me@finnrut.is\"\n  git add -- $paths\n  git commit -m \"⚙️ bump flake.lock\"\nfi\n\nif [ \"$changed\" = false ] && [ -z \"$PR_INDEX\" ]; then\n  echo \"Inputs and addon pins are already current; no open pull request or bot branch needs refreshing.\"\n  exit 0\nfi\n\n# checkout@v4 leaves an Authorization header pinned to the\n# run's automatic token in the local config, and it wins\n# over any credential helper. Drop it so the PAT below is\n# what actually authenticates the push.\ngit config --local --unset-all \\\n  'http.https://git.finnrut.is/.extraheader' || true\n\n# Via a credential file rather than a URL so the token never\n# lands in git's argv on a machine the owner also uses.\ntmpdir=\"$(mktemp -d)\"\ntrap 'rm -rf \"$tmpdir\"' EXIT\ncreds=\"$tmpdir/credentials\"\ncurl_config=\"$tmpdir/curl.config\"\nprintf 'https://%s:%s@git.finnrut.is\\n' \"$FORGE_USER\" \"$FORGE_TOKEN\" > \"$creds\"\nchmod 600 \"$creds\"\nprintf 'header = \"Authorization: token %s\"\\n' \"$FORGE_TOKEN\" > \"$curl_config\"\nchmod 600 \"$curl_config\"\ngit config --local credential.helper \"store --file=$creds\"\n\n# checkout's fetch refspec may omit the bot branch. Discover\n# it first so a missing ref is distinct from a failed remote\n# query, and only discard stale tracking state on confirmation.\nfetch_update_branch() {\n  remote_ref=\"refs/heads/update_flake_lock_action\"\n  remote_branch=\"refs/remotes/origin/update_flake_lock_action\"\n\n  if remote_advertisement=\"$(git ls-remote --exit-code --heads origin \"$remote_ref\")\"; then\n    git fetch origin \"+$remote_ref:$remote_branch\"\n    UPDATE_BRANCH_LEASE=\"$(git rev-parse \"$remote_branch\")\"\n    return\n  else\n    remote_status=$?\n    case \"$remote_status\" in\n      2)\n        git update-ref -d \"$remote_branch\"\n        UPDATE_BRANCH_LEASE=\"\"\n        ;;\n      *)\n        echo \"Could not discover remote update_flake_lock_action (git ls-remote exited $remote_status).\" >&2\n        return 1\n        ;;\n    esac\n  fi\n}\n\npr_index_from_array() {\n  response=\"$1\"\n  if ! jq -e 'type == \"array\"' \"$response\" > /dev/null; then\n    echo \"Expected a JSON array from the pull-request API.\" >&2\n    return 1\n  fi\n  jq -r --arg branch \"update_flake_lock_action\" \\\n    '[.[] | select(.head.ref == $branch)] | first | .index // empty' \"$response\"\n}\n\nif [ \"$changed\" = false ]; then\n  close_body=\"$tmpdir/close-pr.json\"\n  close_code=\"$(curl --config \"$curl_config\" -sS -o \"$close_body\" -w '%{http_code}' \\\n    -X PATCH \"https://git.finnrut.is/api/v1/repos/tunnel/infra/pulls/$PR_INDEX\" \\\n    -H 'Content-Type: application/json' \\\n    -d '{\"state\":\"closed\"}')\"\n  case \"$close_code\" in\n    200)\n      echo \"Closed superseded pull request #$PR_INDEX.\"\n      ;;\n    *)\n      echo \"Could not close superseded pull request #$PR_INDEX (HTTP $close_code):\" >&2\n      cat \"$close_body\" >&2\n      exit 1\n      ;;\n  esac\n\n  fetch_update_branch\n  if [ -n \"$UPDATE_BRANCH_LEASE\" ]; then\n    git push --force-with-lease=\"refs/heads/update_flake_lock_action:$UPDATE_BRANCH_LEASE\" \\\n      origin \":refs/heads/update_flake_lock_action\"\n    echo \"Deleted the superseded remote update_flake_lock_action branch.\"\n  else\n    echo \"The superseded remote update_flake_lock_action branch is already absent.\"\n  fi\n  exit 0\nfi\n\n# Refetch immediately before pushing so stale generated output\n# cannot overwrite a branch based on an older main revision.\ngit fetch origin \"+refs/heads/main:refs/remotes/origin/main\"\ncurrent_base=\"$(git rev-parse \"origin/main\")\"\nif [ \"$current_base\" != \"$UPDATE_BASE_SHA\" ]; then\n  echo \"main advanced during generation; refusing to push stale output.\" >&2\n  exit 1\nfi\n\nfetch_update_branch\ngit push --force-with-lease=\"refs/heads/update_flake_lock_action:$UPDATE_BRANCH_LEASE\" \\\n  origin \"update_flake_lock_action:refs/heads/update_flake_lock_action\"\n\nif [ -n \"$PR_INDEX\" ]; then\n  echo \"Updated the head of existing pull request #$PR_INDEX.\"\n  exit 0\nfi\n\nbody=\"$tmpdir/create-pr.json\"\ncode=\"$(curl --config \"$curl_config\" -sS -o \"$body\" -w '%{http_code}' \\\n  -X POST \"https://git.finnrut.is/api/v1/repos/tunnel/infra/pulls\" \\\n  -H 'Content-Type: application/json' \\\n  -d '{\"assignees\":[\"tunnel\"],\"base\":\"main\",\"body\":\"Scheduled bump of `flake.lock` and the generated Firefox addon pins.\",\"head\":\"update_flake_lock_action\",\"title\":\"chore: update flake.lock\"}')\"\n\ncase \"$code\" in\n  201)\n    echo \"Opened $(jq -r '.html_url' \"$body\")\"\n    ;;\n  409)\n    # A concurrent run may have opened the same head after\n    # the gate. Re-query once before treating this as a race.\n    race_body=\"$tmpdir/race-open.json\"\n    race_code=\"$(curl --config \"$curl_config\" -sS -o \"$race_body\" -w '%{http_code}' \\\n      \"https://git.finnrut.is/api/v1/repos/tunnel/infra/pulls?state=open&limit=50\")\"\n    if [ \"$race_code\" = 200 ]; then\n      if ! race_index=\"$(pr_index_from_array \"$race_body\")\"; then\n        echo \"Pull-request creation conflicted and the open-PR race response was invalid.\" >&2\n        exit 1\n      fi\n    else\n      echo \"Pull-request creation conflicted and the open-PR race query returned HTTP $race_code; inspect Forgejo before retrying.\" >&2\n      exit 1\n    fi\n\n    if [ -n \"$race_index\" ]; then\n      echo \"Pull request #$race_index appeared concurrently; its head was updated.\"\n      exit 0\n    fi\n\n    closed_body=\"$tmpdir/race-closed.json\"\n    closed_code=\"$(curl --config \"$curl_config\" -sS -o \"$closed_body\" -w '%{http_code}' \\\n      \"https://git.finnrut.is/api/v1/repos/tunnel/infra/pulls?state=closed&limit=50\")\"\n    if [ \"$closed_code\" = 200 ]; then\n      if ! closed_index=\"$(pr_index_from_array \"$closed_body\")\"; then\n        echo \"Pull-request creation conflicted and the closed-PR response was invalid.\" >&2\n        exit 1\n      fi\n    else\n      echo \"Pull-request creation conflicted; no open fixed-head PR was found, and the closed-PR query returned HTTP $closed_code. Inspect Forgejo before retrying.\" >&2\n      exit 1\n    fi\n\n    if [ -n \"$closed_index\" ]; then\n      reopen_body=\"$tmpdir/reopen-pr.json\"\n      reopen_code=\"$(curl --config \"$curl_config\" -sS -o \"$reopen_body\" -w '%{http_code}' \\\n        -X PATCH \"https://git.finnrut.is/api/v1/repos/tunnel/infra/pulls/$closed_index\" \\\n        -H 'Content-Type: application/json' \\\n        -d '{\"state\":\"open\"}')\"\n      case \"$reopen_code\" in\n        200)\n          echo \"Reopened fixed-head pull request #$closed_index after creation conflict.\"\n          ;;\n        *)\n          echo \"Pull-request creation conflicted, and reopening fixed-head pull request #$closed_index failed (HTTP $reopen_code):\" >&2\n          cat \"$reopen_body\" >&2\n          exit 1\n          ;;\n      esac\n    else\n      echo \"Pull-request creation conflicted, but no open or closed PR with head update_flake_lock_action was found; inspect the Forgejo pull requests and resolve the conflict.\" >&2\n      exit 1\n    fi\n    ;;\n  *)\n    echo \"Unexpected HTTP $code from the pulls API:\" >&2\n    cat \"$body\" >&2\n    exit 1\n    ;;\nesac\n"
        }
      ],
      "timeout-minutes": 60
    }
  },
  "name": "Update flake inputs",
  "on": {
    "push": {
      "branches": [
        "main"
      ]
    },
    "schedule": [
      {
        "cron": "0 0 1-31/3 * *"
      }
    ],
    "workflow_dispatch": {}
  }
}
